#MicroXplorer Configuration settings - do not modify
ADC1.Channel-2\#ChannelRegularConversion=ADC_CHANNEL_9
ADC1.IPParameters=Rank-2\#ChannelRegularConversion,master,Channel-2\#ChannelRegularConversion,SamplingTime-2\#ChannelRegularConversion,NbrOfConversionFlag
ADC1.NbrOfConversionFlag=1
ADC1.Rank-2\#ChannelRegularConversion=1
ADC1.SamplingTime-2\#ChannelRegularConversion=ADC_SAMPLETIME_1CYCLE_5
ADC1.master=1
File.Version=6
GPIO.groupedBy=Group By Peripherals
KeepUserPlacement=false
Mcu.Family=STM32F1
Mcu.IP0=ADC1
Mcu.IP1=I2C1
Mcu.IP2=NVIC
Mcu.IP3=RCC
Mcu.IP4=SPI2
Mcu.IP5=SYS
Mcu.IP6=TIM3
Mcu.IP7=TIM4
Mcu.IP8=USART1
Mcu.IP9=USART3
Mcu.IPNb=10
Mcu.Name=STM32F103C(8-B)Tx
Mcu.Package=LQFP48
Mcu.Pin0=PC13-TAMPER-RTC
Mcu.Pin1=PC14-OSC32_IN
Mcu.Pin10=PA5
Mcu.Pin11=PA6
Mcu.Pin12=PA7
Mcu.Pin13=PB0
Mcu.Pin14=PB1
Mcu.Pin15=PB10
Mcu.Pin16=PB11
Mcu.Pin17=PB12
Mcu.Pin18=PB13
Mcu.Pin19=PB14
Mcu.Pin2=PC15-OSC32_OUT
Mcu.Pin20=PB15
Mcu.Pin21=PA9
Mcu.Pin22=PA10
Mcu.Pin23=PA13
Mcu.Pin24=PA14
Mcu.Pin25=PB5
Mcu.Pin26=PB6
Mcu.Pin27=PB7
Mcu.Pin28=PB8
Mcu.Pin29=PB9
Mcu.Pin3=PD0-OSC_IN
Mcu.Pin30=VP_SYS_VS_Systick
Mcu.Pin31=VP_TIM3_VS_ClockSourceINT
Mcu.Pin4=PD1-OSC_OUT
Mcu.Pin5=PA0-WKUP
Mcu.Pin6=PA1
Mcu.Pin7=PA2
Mcu.Pin8=PA3
Mcu.Pin9=PA4
Mcu.PinsNb=32
Mcu.ThirdPartyNb=0
Mcu.UserConstants=
Mcu.UserName=STM32F103C8Tx
MxCube.Version=6.0.1
MxDb.Version=DB.6.0.0
NVIC.BusFault_IRQn=true\:0\:0\:false\:false\:true\:false\:false
NVIC.DebugMonitor_IRQn=true\:0\:0\:false\:false\:true\:false\:false
NVIC.ForceEnableDMAVector=true
NVIC.HardFault_IRQn=true\:0\:0\:false\:false\:true\:false\:false
NVIC.MemoryManagement_IRQn=true\:0\:0\:false\:false\:true\:false\:false
NVIC.NonMaskableInt_IRQn=true\:0\:0\:false\:false\:true\:false\:false
NVIC.PendSV_IRQn=true\:0\:0\:false\:false\:true\:false\:false
NVIC.PriorityGroup=NVIC_PRIORITYGROUP_4
NVIC.SVCall_IRQn=true\:0\:0\:false\:false\:true\:false\:false
NVIC.SysTick_IRQn=true\:0\:0\:false\:false\:true\:false\:true
NVIC.USART3_IRQn=true\:2\:0\:true\:false\:true\:true\:true
NVIC.UsageFault_IRQn=true\:0\:0\:false\:false\:true\:false\:false
PA0-WKUP.Locked=true
PA0-WKUP.Signal=GPIO_Input
PA1.Locked=true
PA1.Signal=GPIO_Input
PA10.Mode=Asynchronous
PA10.Signal=USART1_RX
PA13.Mode=Serial_Wire
PA13.Signal=SYS_JTMS-SWDIO
PA14.Mode=Serial_Wire
PA14.Signal=SYS_JTCK-SWCLK
PA2.Locked=true
PA2.Signal=GPIO_Input
PA3.Locked=true
PA3.Signal=GPIO_Input
PA4.Locked=true
PA4.Signal=GPIO_Input
PA5.Locked=true
PA5.Signal=GPIO_Output
PA6.Locked=true
PA6.Signal=GPIO_Output
PA7.Locked=true
PA7.Signal=GPIO_Output
PA9.Mode=Asynchronous
PA9.Signal=USART1_TX
PB0.GPIOParameters=GPIO_Label
PB0.GPIO_Label=BUZZ
PB0.Locked=true
PB0.Signal=GPIO_Output
PB1.Locked=true
PB1.Signal=ADCx_IN9
PB10.Mode=Asynchronous
PB10.Signal=USART3_TX
PB11.Mode=Asynchronous
PB11.Signal=USART3_RX
PB12.Locked=true
PB12.Signal=GPIO_Output
PB13.Mode=Full_Duplex_Master
PB13.Signal=SPI2_SCK
PB14.Mode=Full_Duplex_Master
PB14.Signal=SPI2_MISO
PB15.Mode=Full_Duplex_Master
PB15.Signal=SPI2_MOSI
PB5.GPIOParameters=GPIO_Label
PB5.GPIO_Label=DHT11
PB5.Locked=true
PB5.Signal=GPIO_Input
PB6.Locked=true
PB6.Signal=S_TIM4_CH1
PB7.Locked=true
PB7.Signal=GPIO_Output
PB8.Locked=true
PB8.Mode=I2C
PB8.Signal=I2C1_SCL
PB9.Locked=true
PB9.Mode=I2C
PB9.Signal=I2C1_SDA
PC13-TAMPER-RTC.GPIOParameters=GPIO_Label
PC13-TAMPER-RTC.GPIO_Label=LED_R
PC13-TAMPER-RTC.Locked=true
PC13-TAMPER-RTC.Signal=GPIO_Output
PC14-OSC32_IN.GPIOParameters=GPIO_Label
PC14-OSC32_IN.GPIO_Label=LED_G
PC14-OSC32_IN.Signal=GPIO_Output
PC15-OSC32_OUT.GPIOParameters=GPIO_Label
PC15-OSC32_OUT.GPIO_Label=LED_B
PC15-OSC32_OUT.Locked=true
PC15-OSC32_OUT.Signal=GPIO_Output
PD0-OSC_IN.Mode=HSE-External-Oscillator
PD0-OSC_IN.Signal=RCC_OSC_IN
PD1-OSC_OUT.Mode=HSE-External-Oscillator
PD1-OSC_OUT.Signal=RCC_OSC_OUT
PinOutPanel.RotationAngle=0
ProjectManager.AskForMigrate=true
ProjectManager.BackupPrevious=false
ProjectManager.CompilerOptimize=6
ProjectManager.ComputerToolchain=false
ProjectManager.CoupleFile=true
ProjectManager.CustomerFirmwarePackage=
ProjectManager.DefaultFWLocation=true
ProjectManager.DeletePrevious=true
ProjectManager.DeviceId=STM32F103C8Tx
ProjectManager.FirmwarePackage=STM32Cube FW_F1 V1.8.3
ProjectManager.FreePins=false
ProjectManager.HalAssertFull=false
ProjectManager.HeapSize=0x200
ProjectManager.KeepUserCode=true
ProjectManager.LastFirmware=false
ProjectManager.LibraryCopy=0
ProjectManager.MainLocation=Core/Src
ProjectManager.NoMain=false
ProjectManager.PreviousToolchain=
ProjectManager.ProjectBuild=false
ProjectManager.ProjectFileName=Project.ioc
ProjectManager.ProjectName=Project
ProjectManager.RegisterCallBack=
ProjectManager.StackSize=0x400
ProjectManager.TargetToolchain=MDK-ARM V5.27
ProjectManager.ToolChainLocation=
ProjectManager.UnderRoot=false
ProjectManager.functionlistsort=1-MX_GPIO_Init-GPIO-false-HAL-true,2-SystemClock_Config-RCC-false-HAL-false,3-MX_ADC1_Init-ADC1-false-HAL-true,4-MX_TIM3_Init-TIM3-false-HAL-true,5-MX_USART1_UART_Init-USART1-false-HAL-true,6-MX_USART3_UART_Init-USART3-false-HAL-true,7-MX_TIM4_Init-TIM4-false-HAL-true,8-MX_I2C1_Init-I2C1-false-HAL-true,9-MX_SPI2_Init-SPI2-false-HAL-true
RCC.ADCFreqValue=12000000
RCC.ADCPresc=RCC_ADCPCLK2_DIV6
RCC.AHBFreq_Value=72000000
RCC.APB1CLKDivider=RCC_HCLK_DIV2
RCC.APB1Freq_Value=36000000
RCC.APB1TimFreq_Value=72000000
RCC.APB2Freq_Value=72000000
RCC.APB2TimFreq_Value=72000000
RCC.FCLKCortexFreq_Value=72000000
RCC.FamilyName=M
RCC.HCLKFreq_Value=72000000
RCC.IPParameters=ADCFreqValue,ADCPresc,AHBFreq_Value,APB1CLKDivider,APB1Freq_Value,APB1TimFreq_Value,APB2Freq_Value,APB2TimFreq_Value,FCLKCortexFreq_Value,FamilyName,HCLKFreq_Value,MCOFreq_Value,PLLCLKFreq_Value,PLLMCOFreq_Value,PLLMUL,PLLSourceVirtual,SYSCLKFreq_VALUE,SYSCLKSource,TimSysFreq_Value,USBFreq_Value,VCOOutput2Freq_Value
RCC.MCOFreq_Value=72000000
RCC.PLLCLKFreq_Value=72000000
RCC.PLLMCOFreq_Value=36000000
RCC.PLLMUL=RCC_PLL_MUL9
RCC.PLLSourceVirtual=RCC_PLLSOURCE_HSE
RCC.SYSCLKFreq_VALUE=72000000
RCC.SYSCLKSource=RCC_SYSCLKSOURCE_PLLCLK
RCC.TimSysFreq_Value=72000000
RCC.USBFreq_Value=72000000
RCC.VCOOutput2Freq_Value=8000000
SH.ADCx_IN9.0=ADC1_IN9,IN9
SH.ADCx_IN9.ConfNb=1
SH.S_TIM4_CH1.0=TIM4_CH1,Output Compare1 CH1
SH.S_TIM4_CH1.ConfNb=1
SPI2.CalculateBaudRate=18.0 MBits/s
SPI2.Direction=SPI_DIRECTION_2LINES
SPI2.IPParameters=VirtualType,Mode,Direction,CalculateBaudRate
SPI2.Mode=SPI_MODE_MASTER
SPI2.VirtualType=VM_MASTER
TIM3.IPParameters=Prescaler,Period
TIM3.Period=199
TIM3.Prescaler=7199
TIM4.Channel-Output\ Compare1\ CH1=TIM_CHANNEL_1
TIM4.IPParameters=Channel-Output Compare1 CH1,Prescaler,Period,Pulse-Output Compare1 CH1
TIM4.Period=1999
TIM4.Prescaler=719
TIM4.Pulse-Output\ Compare1\ CH1=50
USART1.IPParameters=VirtualMode
USART1.VirtualMode=VM_ASYNC
USART3.IPParameters=VirtualMode
USART3.VirtualMode=VM_ASYNC
VP_SYS_VS_Systick.Mode=SysTick
VP_SYS_VS_Systick.Signal=SYS_VS_Systick
VP_TIM3_VS_ClockSourceINT.Mode=Internal
VP_TIM3_VS_ClockSourceINT.Signal=TIM3_VS_ClockSourceINT
board=custom
